
Microsoft Visual Studio Solution File, Format Version 12.00
# Visual Studio Version 16
VisualStudioVersion = 16.0.31019.35
MinimumVisualStudioVersion = 10.0.40219.1
Project("{FAE04EC0-301F-11D3-BF4B-00C04F79EFBC}") = "PasswordGenerator", "PasswordGenerator\PasswordGenerator.csproj", "{40DDD3B9-CFBA-4B74-90F9-9E21D8068573}"
EndProject
Global
	GlobalSection(SolutionConfigurationPlatforms) = preSolution
		Debug|Any CPU = Debug|Any CPU
		Release|Any CPU = Release|Any CPU
	EndGlobalSection
	GlobalSection(ProjectConfigurationPlatforms) = postSolution
		{40DDD3B9-CFBA-4B74-90F9-9E21D8068573}.Debug|Any CPU.ActiveCfg = Debug|Any CPU
		{40DDD3B9-CFBA-4B74-90F9-9E21D8068573}.Debug|Any CPU.Build.0 = Debug|Any CPU
		{40DDD3B9-CFBA-4B74-90F9-9E21D8068573}.Release|Any CPU.ActiveCfg = Release|Any CPU
		{40DDD3B9-CFBA-4B74-90F9-9E21D8068573}.Release|Any CPU.Build.0 = Release|Any CPU
	EndGlobalSection
	GlobalSection(SolutionProperties) = preSolution
		HideSolutionNode = FALSE
	EndGlobalSection
	GlobalSection(ExtensibilityGlobals) = postSolution
		SolutionGuid = {0F83EDD6-B711-4EB4-9B08-FEE9C2F33E96}
	EndGlobalSection
EndGlobal
